// !$*UTF8*$!
{
	archiveVersion = 1;
	classes = {
	};
	objectVersion = 50;
	objects = {

/* Begin PBXBuildFile section */
		EBA25D8D23AFEB18009EEBF4 /* AppDelegate.swift in Sources */ = {isa = PBXBuildFile; fileRef = EBA25D8C23AFEB18009EEBF4 /* AppDelegate.swift */; };
		EBA25D8F23AFEB18009EEBF4 /* SceneDelegate.swift in Sources */ = {isa = PBXBuildFile; fileRef = EBA25D8E23AFEB18009EEBF4 /* SceneDelegate.swift */; };
		EBA25D9123AFEB18009EEBF4 /* ViewController.swift in Sources */ = {isa = PBXBuildFile; fileRef = EBA25D9023AFEB18009EEBF4 /* ViewController.swift */; };
		EBA25D9423AFEB18009EEBF4 /* Main.storyboard in Resources */ = {isa = PBXBuildFile; fileRef = EBA25D9223AFEB18009EEBF4 /* Main.storyboard */; };
		EBA25D9623AFEB19009EEBF4 /* Assets.xcassets in Resources */ = {isa = PBXBuildFile; fileRef = EBA25D9523AFEB19009EEBF4 /* Assets.xcassets */; };
		EBA25D9923AFEB19009EEBF4 /* LaunchScreen.storyboard in Resources */ = {isa = PBXBuildFile; fileRef = EBA25D9723AFEB19009EEBF4 /* LaunchScreen.storyboard */; };
		EBA25DA423AFEB19009EEBF4 /* Font_Install_DemoTests.swift in Sources */ = {isa = PBXBuildFile; fileRef = EBA25DA323AFEB19009EEBF4 /* Font_Install_DemoTests.swift */; };
		EBA25DAF23AFEB19009EEBF4 /* Font_Install_DemoUITests.swift in Sources */ = {isa = PBXBuildFile; fileRef = EBA25DAE23AFEB19009EEBF4 /* Font_Install_DemoUITests.swift */; };
/* End PBXBuildFile section */

/* Begin PBXContainerItemProxy section */
		EBA25DA023AFEB19009EEBF4 /* PBXContainerItemProxy */ = {
			isa = PBXContainerItemProxy;
			containerPortal = EBA25D8123AFEB18009EEBF4 /* Project object */;
			proxyType = 1;
			remoteGlobalIDString = EBA25D8823AFEB18009EEBF4;
			remoteInfo = Font_Install_Demo;
		};
		EBA25DAB23AFEB19009EEBF4 /* PBXContainerItemProxy */ = {
			isa = PBXContainerItemProxy;
			containerPortal = EBA25D8123AFEB18009EEBF4 /* Project object */;
			proxyType = 1;
			remoteGlobalIDString = EBA25D8823AFEB18009EEBF4;
			remoteInfo = Font_Install_Demo;
		};
/* End PBXContainerItemProxy section */

/* Begin PBXFileReference section */
		EBA25D8923AFEB18009EEBF4 /* Font_Install_Demo.app */ = {isa = PBXFileReference; explicitFileType = wrapper.application; includeInIndex = 0; path = Font_Install_Demo.app; sourceTree = BUILT_PRODUCTS_DIR; };
		EBA25D8C23AFEB18009EEBF4 /* AppDelegate.swift */ = {isa = PBXFileReference; lastKnownFileType = sourcecode.swift; path = AppDelegate.swift; sourceTree = "<group>"; };
		EBA25D8E23AFEB18009EEBF4 /* SceneDelegate.swift */ = {isa = PBXFileReference; lastKnownFileType = sourcecode.swift; path = SceneDelegate.swift; sourceTree = "<group>"; };
		EBA25D9023AFEB18009EEBF4 /* ViewController.swift */ = {isa = PBXFileReference; lastKnownFileType = sourcecode.swift; path = ViewController.swift; sourceTree = "<group>"; };
		EBA25D9323AFEB18009EEBF4 /* Base */ = {isa = PBXFileReference; lastKnownFileType = file.storyboard; name = Base; path = Base.lproj/Main.storyboard; sourceTree = "<group>"; };
		EBA25D9523AFEB19009EEBF4 /* Assets.xcassets */ = {isa = PBXFileReference; lastKnownFileType = folder.assetcatalog; path = Assets.xcassets; sourceTree = "<group>"; };
		EBA25D9823AFEB19009EEBF4 /* Base */ = {isa = PBXFileReference; lastKnownFileType = file.storyboard; name = Base; path = Base.lproj/LaunchScreen.storyboard; sourceTree = "<group>"; };
		EBA25D9A23AFEB19009EEBF4 /* Info.plist */ = {isa = PBXFileReference; lastKnownFileType = text.plist.xml; path = Info.plist; sourceTree = "<group>"; };
		EBA25D9F23AFEB19009EEBF4 /* Font_Install_DemoTests.xctest */ = {isa = PBXFileReference; explicitFileType = wrapper.cfbundle; includeInIndex = 0; path = Font_Install_DemoTests.xctest; sourceTree = BUILT_PRODUCTS_DIR; };
		EBA25DA323AFEB19009EEBF4 /* Font_Install_DemoTests.swift */ = {isa = PBXFileReference; lastKnownFileType = sourcecode.swift; path = Font_Install_DemoTests.swift; sourceTree = "<group>"; };
		EBA25DA523AFEB19009EEBF4 /* Info.plist */ = {isa = PBXFileReference; lastKnownFileType = text.plist.xml; path = Info.plist; sourceTree = "<group>"; };
		EBA25DAA23AFEB19009EEBF4 /* Font_Install_DemoUITests.xctest */ = {isa = PBXFileReference; explicitFileType = wrapper.cfbundle; includeInIndex = 0; path = Font_Install_DemoUITests.xctest; sourceTree = BUILT_PRODUCTS_DIR; };
		EBA25DAE23AFEB19009EEBF4 /* Font_Install_DemoUITests.swift */ = {isa = PBXFileReference; lastKnownFileType = sourcecode.swift; path = Font_Install_DemoUITests.swift; sourceTree = "<group>"; };
		EBA25DB023AFEB19009EEBF4 /* Info.plist */ = {isa = PBXFileReference; lastKnownFileType = text.plist.xml; path = Info.plist; sourceTree = "<group>"; };
		EBA25DBC23AFF58F009EEBF4 /* Font_Install_Demo.entitlements */ = {isa = PBXFileReference; lastKnownFileType = text.plist.entitlements; path = Font_Install_Demo.entitlements; sourceTree = "<group>"; };
/* End PBXFileReference section */

/* Begin PBXFrameworksBuildPhase section */
		EBA25D8623AFEB18009EEBF4 /* Frameworks */ = {
			isa = PBXFrameworksBuildPhase;
			buildActionMask = 2147483647;
			files = (
			);
			runOnlyForDeploymentPostprocessing = 0;
		};
		EBA25D9C23AFEB19009EEBF4 /* Frameworks */ = {
			isa = PBXFrameworksBuildPhase;
			buildActionMask = 2147483647;
			files = (
			);
			runOnlyForDeploymentPostprocessing = 0;
		};
		EBA25DA723AFEB19009EEBF4 /* Frameworks */ = {
			isa = PBXFrameworksBuildPhase;
			buildActionMask = 2147483647;
			files = (
			);
			runOnlyForDeploymentPostprocessing = 0;
		};
/* End PBXFrameworksBuildPhase section */

/* Begin PBXGroup section */
		EBA25D8023AFEB18009EEBF4 = {
			isa = PBXGroup;
			children = (
				EBA25D8B23AFEB18009EEBF4 /* Font_Install_Demo */,
				EBA25DA223AFEB19009EEBF4 /* Font_Install_DemoTests */,
				EBA25DAD23AFEB19009EEBF4 /* Font_Install_DemoUITests */,
				EBA25D8A23AFEB18009EEBF4 /* Products */,
			);
			sourceTree = "<group>";
		};
		EBA25D8A23AFEB18009EEBF4 /* Products */ = {
			isa = PBXGroup;
			children = (
				EBA25D8923AFEB18009EEBF4 /* Font_Install_Demo.app */,
				EBA25D9F23AFEB19009EEBF4 /* Font_Install_DemoTests.xctest */,
				EBA25DAA23AFEB19009EEBF4 /* Font_Install_DemoUITests.xctest */,
			);
			name = Products;
			sourceTree = "<group>";
		};
		EBA25D8B23AFEB18009EEBF4 /* Font_Install_Demo */ = {
			isa = PBXGroup;
			children = (
				EBA25DBC23AFF58F009EEBF4 /* Font_Install_Demo.entitlements */,
				EBA25D8C23AFEB18009EEBF4 /* AppDelegate.swift */,
				EBA25D8E23AFEB18009EEBF4 /* SceneDelegate.swift */,
				EBA25D9023AFEB18009EEBF4 /* ViewController.swift */,
				EBA25D9223AFEB18009EEBF4 /* Main.storyboard */,
				EBA25D9523AFEB19009EEBF4 /* Assets.xcassets */,
				EBA25D9723AFEB19009EEBF4 /* LaunchScreen.storyboard */,
				EBA25D9A23AFEB19009EEBF4 /* Info.plist */,
			);
			path = Font_Install_Demo;
			sourceTree = "<group>";
		};
		EBA25DA223AFEB19009EEBF4 /* Font_Install_DemoTests */ = {
			isa = PBXGroup;
			children = (
				EBA25DA323AFEB19009EEBF4 /* Font_Install_DemoTests.swift */,
				EBA25DA523AFEB19009EEBF4 /* Info.plist */,
			);
			path = Font_Install_DemoTests;
			sourceTree = "<group>";
		};
		EBA25DAD23AFEB19009EEBF4 /* Font_Install_DemoUITests */ = {
			isa = PBXGroup;
			children = (
				EBA25DAE23AFEB19009EEBF4 /* Font_Install_DemoUITests.swift */,
				EBA25DB023AFEB19009EEBF4 /* Info.plist */,
			);
			path = Font_Install_DemoUITests;
			sourceTree = "<group>";
		};
/* End PBXGroup section */

/* Begin PBXNativeTarget section */
		EBA25D8823AFEB18009EEBF4 /* Font_Install_Demo */ = {
			isa = PBXNativeTarget;
			buildConfigurationList = EBA25DB323AFEB19009EEBF4 /* Build configuration list for PBXNativeTarget "Font_Install_Demo" */;
			buildPhases = (
				EBA25D8523AFEB18009EEBF4 /* Sources */,
				EBA25D8623AFEB18009EEBF4 /* Frameworks */,
				EBA25D8723AFEB18009EEBF4 /* Resources */,
			);
			buildRules = (
			);
			dependencies = (
			);
			name = Font_Install_Demo;
			productName = Font_Install_Demo;
			productReference = EBA25D8923AFEB18009EEBF4 /* Font_Install_Demo.app */;
			productType = "com.apple.product-type.application";
		};
		EBA25D9E23AFEB19009EEBF4 /* Font_Install_DemoTests */ = {
			isa = PBXNativeTarget;
			buildConfigurationList = EBA25DB623AFEB19009EEBF4 /* Build configuration list for PBXNativeTarget "Font_Install_DemoTests" */;
			buildPhases = (
				EBA25D9B23AFEB19009EEBF4 /* Sources */,
				EBA25D9C23AFEB19009EEBF4 /* Frameworks */,
				EBA25D9D23AFEB19009EEBF4 /* Resources */,
			);
			buildRules = (
			);
			dependencies = (
				EBA25DA123AFEB19009EEBF4 /* PBXTargetDependency */,
			);
			name = Font_Install_DemoTests;
			productName = Font_Install_DemoTests;
			productReference = EBA25D9F23AFEB19009EEBF4 /* Font_Install_DemoTests.xctest */;
			productType = "com.apple.product-type.bundle.unit-test";
		};
		EBA25DA923AFEB19009EEBF4 /* Font_Install_DemoUITests */ = {
			isa = PBXNativeTarget;
			buildConfigurationList = EBA25DB923AFEB19009EEBF4 /* Build configuration list for PBXNativeTarget "Font_Install_DemoUITests" */;
			buildPhases = (
				EBA25DA623AFEB19009EEBF4 /* Sources */,
				EBA25DA723AFEB19009EEBF4 /* Frameworks */,
				EBA25DA823AFEB19009EEBF4 /* Resources */,
			);
			buildRules = (
			);
			dependencies = (
				EBA25DAC23AFEB19009EEBF4 /* PBXTargetDependency */,
			);
			name = Font_Install_DemoUITests;
			productName = Font_Install_DemoUITests;
			productReference = EBA25DAA23AFEB19009EEBF4 /* Font_Install_DemoUITests.xctest */;
			productType = "com.apple.product-type.bundle.ui-testing";
		};
/* End PBXNativeTarget section */

/* Begin PBXProject section */
		EBA25D8123AFEB18009EEBF4 /* Project object */ = {
			isa = PBXProject;
			attributes = {
				KnownAssetTags = (
					Font,
				);
				LastSwiftUpdateCheck = 1110;
				LastUpgradeCheck = 1110;
				ORGANIZATIONNAME = "鶴田 啓";
				TargetAttributes = {
					EBA25D8823AFEB18009EEBF4 = {
						CreatedOnToolsVersion = 11.1;
					};
					EBA25D9E23AFEB19009EEBF4 = {
						CreatedOnToolsVersion = 11.1;
						TestTargetID = EBA25D8823AFEB18009EEBF4;
					};
					EBA25DA923AFEB19009EEBF4 = {
						CreatedOnToolsVersion = 11.1;
						TestTargetID = EBA25D8823AFEB18009EEBF4;
					};
				};
			};
			buildConfigurationList = EBA25D8423AFEB18009EEBF4 /* Build configuration list for PBXProject "Font_Install_Demo" */;
			compatibilityVersion = "Xcode 9.3";
			developmentRegion = en;
			hasScannedForEncodings = 0;
			knownRegions = (
				en,
				Base,
			);
			mainGroup = EBA25D8023AFEB18009EEBF4;
			productRefGroup = EBA25D8A23AFEB18009EEBF4 /* Products */;
			projectDirPath = "";
			projectRoot = "";
			targets = (
				EBA25D8823AFEB18009EEBF4 /* Font_Install_Demo */,
				EBA25D9E23AFEB19009EEBF4 /* Font_Install_DemoTests */,
				EBA25DA923AFEB19009EEBF4 /* Font_Install_DemoUITests */,
			);
		};
/* End PBXProject section */

/* Begin PBXResourcesBuildPhase section */
		EBA25D8723AFEB18009EEBF4 /* Resources */ = {
			isa = PBXResourcesBuildPhase;
			buildActionMask = 2147483647;
			files = (
				EBA25D9923AFEB19009EEBF4 /* LaunchScreen.storyboard in Resources */,
				EBA25D9623AFEB19009EEBF4 /* Assets.xcassets in Resources */,
				EBA25D9423AFEB18009EEBF4 /* Main.storyboard in Resources */,
			);
			runOnlyForDeploymentPostprocessing = 0;
		};
		EBA25D9D23AFEB19009EEBF4 /* Resources */ = {
			isa = PBXResourcesBuildPhase;
			buildActionMask = 2147483647;
			files = (
			);
			runOnlyForDeploymentPostprocessing = 0;
		};
		EBA25DA823AFEB19009EEBF4 /* Resources */ = {
			isa = PBXResourcesBuildPhase;
			buildActionMask = 2147483647;
			files = (
			);
			runOnlyForDeploymentPostprocessing = 0;
		};
/* End PBXResourcesBuildPhase section */

/* Begin PBXSourcesBuildPhase section */
		EBA25D8523AFEB18009EEBF4 /* Sources */ = {
			isa = PBXSourcesBuildPhase;
			buildActionMask = 2147483647;
			files = (
				EBA25D9123AFEB18009EEBF4 /* ViewController.swift in Sources */,
				EBA25D8D23AFEB18009EEBF4 /* AppDelegate.swift in Sources */,
				EBA25D8F23AFEB18009EEBF4 /* SceneDelegate.swift in Sources */,
			);
			runOnlyForDeploymentPostprocessing = 0;
		};
		EBA25D9B23AFEB19009EEBF4 /* Sources */ = {
			isa = PBXSourcesBuildPhase;
			buildActionMask = 2147483647;
			files = (
				EBA25DA423AFEB19009EEBF4 /* Font_Install_DemoTests.swift in Sources */,
			);
			runOnlyForDeploymentPostprocessing = 0;
		};
		EBA25DA623AFEB19009EEBF4 /* Sources */ = {
			isa = PBXSourcesBuildPhase;
			buildActionMask = 2147483647;
			files = (
				EBA25DAF23AFEB19009EEBF4 /* Font_Install_DemoUITests.swift in Sources */,
			);
			runOnlyForDeploymentPostprocessing = 0;
		};
/* End PBXSourcesBuildPhase section */

/* Begin PBXTargetDependency section */
		EBA25DA123AFEB19009EEBF4 /* PBXTargetDependency */ = {
			isa = PBXTargetDependency;
			target = EBA25D8823AFEB18009EEBF4 /* Font_Install_Demo */;
			targetProxy = EBA25DA023AFEB19009EEBF4 /* PBXContainerItemProxy */;
		};
		EBA25DAC23AFEB19009EEBF4 /* PBXTargetDependency */ = {
			isa = PBXTargetDependency;
			target = EBA25D8823AFEB18009EEBF4 /* Font_Install_Demo */;
			targetProxy = EBA25DAB23AFEB19009EEBF4 /* PBXContainerItemProxy */;
		};
/* End PBXTargetDependency section */

/* Begin PBXVariantGroup section */
		EBA25D9223AFEB18009EEBF4 /* Main.storyboard */ = {
			isa = PBXVariantGroup;
			children = (
				EBA25D9323AFEB18009EEBF4 /* Base */,
			);
			name = Main.storyboard;
			sourceTree = "<group>";
		};
		EBA25D9723AFEB19009EEBF4 /* LaunchScreen.storyboard */ = {
			isa = PBXVariantGroup;
			children = (
				EBA25D9823AFEB19009EEBF4 /* Base */,
			);
			name = LaunchScreen.storyboard;
			sourceTree = "<group>";
		};
/* End PBXVariantGroup section */

/* Begin XCBuildConfiguration section */
		EBA25DB123AFEB19009EEBF4 /* Debug */ = {
			isa = XCBuildConfiguration;
			buildSettings = {
				ALWAYS_SEARCH_USER_PATHS = NO;
				CLANG_ANALYZER_NONNULL = YES;
				CLANG_ANALYZER_NUMBER_OBJECT_CONVERSION = YES_AGGRESSIVE;
				CLANG_CXX_LANGUAGE_STANDARD = "gnu++14";
				CLANG_CXX_LIBRARY = "libc++";
				CLANG_ENABLE_MODULES = YES;
				CLANG_ENABLE_OBJC_ARC = YES;
				CLANG_ENABLE_OBJC_WEAK = YES;
				CLANG_WARN_BLOCK_CAPTURE_AUTORELEASING = YES;
				CLANG_WARN_BOOL_CONVERSION = YES;
				CLANG_WARN_COMMA = YES;
				CLANG_WARN_CONSTANT_CONVERSION = YES;
				CLANG_WARN_DEPRECATED_OBJC_IMPLEMENTATIONS = YES;
				CLANG_WARN_DIRECT_OBJC_ISA_USAGE = YES_ERROR;
				CLANG_WARN_DOCUMENTATION_COMMENTS = YES;
				CLANG_WARN_EMPTY_BODY = YES;
				CLANG_WARN_ENUM_CONVERSION = YES;
				CLANG_WARN_INFINITE_RECURSION = YES;
				CLANG_WARN_INT_CONVERSION = YES;
				CLANG_WARN_NON_LITERAL_NULL_CONVERSION = YES;
				CLANG_WARN_OBJC_IMPLICIT_RETAIN_SELF = YES;
				CLANG_WARN_OBJC_LITERAL_CONVERSION = YES;
				CLANG_WARN_OBJC_ROOT_CLASS = YES_ERROR;
				CLANG_WARN_RANGE_LOOP_ANALYSIS = YES;
				CLANG_WARN_STRICT_PROTOTYPES = YES;
				CLANG_WARN_SUSPICIOUS_MOVE = YES;
				CLANG_WARN_UNGUARDED_AVAILABILITY = YES_AGGRESSIVE;
				CLANG_WARN_UNREACHABLE_CODE = YES;
				CLANG_WARN__DUPLICATE_METHOD_MATCH = YES;
				COPY_PHASE_STRIP = NO;
				DEBUG_INFORMATION_FORMAT = dwarf;
				ENABLE_STRICT_OBJC_MSGSEND = YES;
				ENABLE_TESTABILITY = YES;
				GCC_C_LANGUAGE_STANDARD = gnu11;
				GCC_DYNAMIC_NO_PIC = NO;
				GCC_NO_COMMON_BLOCKS = YES;
				GCC_OPTIMIZATION_LEVEL = 0;
				GCC_PREPROCESSOR_DEFINITIONS = (
					"DEBUG=1",
					"$(inherited)",
				);
				GCC_WARN_64_TO_32_BIT_CONVERSION = YES;
				GCC_WARN_ABOUT_RETURN_TYPE = YES_ERROR;
				GCC_WARN_UNDECLARED_SELECTOR = YES;
				GCC_WARN_UNINITIALIZED_AUTOS = YES_AGGRESSIVE;
				GCC_WARN_UNUSED_FUNCTION = YES;
				GCC_WARN_UNUSED_VARIABLE = YES;
				IPHONEOS_DEPLOYMENT_TARGET = 13.1;
				MTL_ENABLE_DEBUG_INFO = INCLUDE_SOURCE;
				MTL_FAST_MATH = YES;
				ONLY_ACTIVE_ARCH = YES;
				SDKROOT = iphoneos;
				SWIFT_ACTIVE_COMPILATION_CONDITIONS = DEBUG;
				SWIFT_OPTIMIZATION_LEVEL = "-Onone";
			};
			name = Debug;
		};
		EBA25DB223AFEB19009EEBF4 /* Release */ = {
			isa = XCBuildConfiguration;
			buildSettings = {
				ALWAYS_SEARCH_USER_PATHS = NO;
				CLANG_ANALYZER_NONNULL = YES;
				CLANG_ANALYZER_NUMBER_OBJECT_CONVERSION = YES_AGGRESSIVE;
				CLANG_CXX_LANGUAGE_STANDARD = "gnu++14";
				CLANG_CXX_LIBRARY = "libc++";
				CLANG_ENABLE_MODULES = YES;
				CLANG_ENABLE_OBJC_ARC = YES;
				CLANG_ENABLE_OBJC_WEAK = YES;
				CLANG_WARN_BLOCK_CAPTURE_AUTORELEASING = YES;
				CLANG_WARN_BOOL_CONVERSION = YES;
				CLANG_WARN_COMMA = YES;
				CLANG_WARN_CONSTANT_CONVERSION = YES;
				CLANG_WARN_DEPRECATED_OBJC_IMPLEMENTATIONS = YES;
				CLANG_WARN_DIRECT_OBJC_ISA_USAGE = YES_ERROR;
				CLANG_WARN_DOCUMENTATION_COMMENTS = YES;
				CLANG_WARN_EMPTY_BODY = YES;
				CLANG_WARN_ENUM_CONVERSION = YES;
				CLANG_WARN_INFINITE_RECURSION = YES;
				CLANG_WARN_INT_CONVERSION = YES;
				CLANG_WARN_NON_LITERAL_NULL_CONVERSION = YES;
				CLANG_WARN_OBJC_IMPLICIT_RETAIN_SELF = YES;
				CLANG_WARN_OBJC_LITERAL_CONVERSION = YES;
				CLANG_WARN_OBJC_ROOT_CLASS = YES_ERROR;
				CLANG_WARN_RANGE_LOOP_ANALYSIS = YES;
				CLANG_WARN_STRICT_PROTOTYPES = YES;
				CLANG_WARN_SUSPICIOUS_MOVE = YES;
				CLANG_WARN_UNGUARDED_AVAILABILITY = YES_AGGRESSIVE;
				CLANG_WARN_UNREACHABLE_CODE = YES;
				CLANG_WARN__DUPLICATE_METHOD_MATCH = YES;
				COPY_PHASE_STRIP = NO;
				DEBUG_INFORMATION_FORMAT = "dwarf-with-dsym";
				ENABLE_NS_ASSERTIONS = NO;
				ENABLE_STRICT_OBJC_MSGSEND = YES;
				GCC_C_LANGUAGE_STANDARD = gnu11;
				GCC_NO_COMMON_BLOCKS = YES;
				GCC_WARN_64_TO_32_BIT_CONVERSION = YES;
				GCC_WARN_ABOUT_RETURN_TYPE = YES_ERROR;
				GCC_WARN_UNDECLARED_SELECTOR = YES;
				GCC_WARN_UNINITIALIZED_AUTOS = YES_AGGRESSIVE;
				GCC_WARN_UNUSED_FUNCTION = YES;
				GCC_WARN_UNUSED_VARIABLE = YES;
				IPHONEOS_DEPLOYMENT_TARGET = 13.1;
				MTL_ENABLE_DEBUG_INFO = NO;
				MTL_FAST_MATH = YES;
				SDKROOT = iphoneos;
				SWIFT_COMPILATION_MODE = wholemodule;
				SWIFT_OPTIMIZATION_LEVEL = "-O";
				VALIDATE_PRODUCT = YES;
			};
			name = Release;
		};
		EBA25DB423AFEB19009EEBF4 /* Debug */ = {
			isa = XCBuildConfiguration;
			buildSettings = {
				ASSETCATALOG_COMPILER_APPICON_NAME = AppIcon;
				CODE_SIGN_ENTITLEMENTS = Font_Install_Demo/Font_Install_Demo.entitlements;
				CODE_SIGN_STYLE = Automatic;
				DEVELOPMENT_TEAM = R82WJ5W3TV;
				INFOPLIST_FILE = Font_Install_Demo/Info.plist;
				LD_RUNPATH_SEARCH_PATHS = (
					"$(inherited)",
					"@executable_path/Frameworks",
				);
				PRODUCT_BUNDLE_IDENTIFIER = "h.t.Font-Install-Demo";
				PRODUCT_NAME = "$(TARGET_NAME)";
				SWIFT_VERSION = 5.0;
				TARGETED_DEVICE_FAMILY = "1,2";
			};
			name = Debug;
		};
		EBA25DB523AFEB19009EEBF4 /* Release */ = {
			isa = XCBuildConfiguration;
			buildSettings = {
				ASSETCATALOG_COMPILER_APPICON_NAME = AppIcon;
				CODE_SIGN_ENTITLEMENTS = Font_Install_Demo/Font_Install_Demo.entitlements;
				CODE_SIGN_STYLE = Automatic;
				DEVELOPMENT_TEAM = R82WJ5W3TV;
				INFOPLIST_FILE = Font_Install_Demo/Info.plist;
				LD_RUNPATH_SEARCH_PATHS = (
					"$(inherited)",
					"@executable_path/Frameworks",
				);
				PRODUCT_BUNDLE_IDENTIFIER = "h.t.Font-Install-Demo";
				PRODUCT_NAME = "$(TARGET_NAME)";
				SWIFT_VERSION = 5.0;
				TARGETED_DEVICE_FAMILY = "1,2";
			};
			name = Release;
		};
		EBA25DB723AFEB19009EEBF4 /* Debug */ = {
			isa = XCBuildConfiguration;
			buildSettings = {
				ALWAYS_EMBED_SWIFT_STANDARD_LIBRARIES = YES;
				BUNDLE_LOADER = "$(TEST_HOST)";
				CODE_SIGN_STYLE = Automatic;
				DEVELOPMENT_TEAM = R82WJ5W3TV;
				INFOPLIST_FILE = Font_Install_DemoTests/Info.plist;
				IPHONEOS_DEPLOYMENT_TARGET = 13.1;
				LD_RUNPATH_SEARCH_PATHS = (
					"$(inherited)",
					"@executable_path/Frameworks",
					"@loader_path/Frameworks",
				);
				PRODUCT_BUNDLE_IDENTIFIER = "h.t.Font-Install-DemoTests";
				PRODUCT_NAME = "$(TARGET_NAME)";
				SWIFT_VERSION = 5.0;
				TARGETED_DEVICE_FAMILY = "1,2";
				TEST_HOST = "$(BUILT_PRODUCTS_DIR)/Font_Install_Demo.app/Font_Install_Demo";
			};
			name = Debug;
		};
		EBA25DB823AFEB19009EEBF4 /* Release */ = {
			isa = XCBuildConfiguration;
			buildSettings = {
				ALWAYS_EMBED_SWIFT_STANDARD_LIBRARIES = YES;
				BUNDLE_LOADER = "$(TEST_HOST)";
				CODE_SIGN_STYLE = Automatic;
				DEVELOPMENT_TEAM = R82WJ5W3TV;
				INFOPLIST_FILE = Font_Install_DemoTests/Info.plist;
				IPHONEOS_DEPLOYMENT_TARGET = 13.1;
				LD_RUNPATH_SEARCH_PATHS = (
					"$(inherited)",
					"@executable_path/Frameworks",
					"@loader_path/Frameworks",
				);
				PRODUCT_BUNDLE_IDENTIFIER = "h.t.Font-Install-DemoTests";
				PRODUCT_NAME = "$(TARGET_NAME)";
				SWIFT_VERSION = 5.0;
				TARGETED_DEVICE_FAMILY = "1,2";
				TEST_HOST = "$(BUILT_PRODUCTS_DIR)/Font_Install_Demo.app/Font_Install_Demo";
			};
			name = Release;
		};
		EBA25DBA23AFEB19009EEBF4 /* Debug */ = {
			isa = XCBuildConfiguration;
			buildSettings = {
				ALWAYS_EMBED_SWIFT_STANDARD_LIBRARIES = YES;
				CODE_SIGN_STYLE = Automatic;
				DEVELOPMENT_TEAM = R82WJ5W3TV;
				INFOPLIST_FILE = Font_Install_DemoUITests/Info.plist;
				LD_RUNPATH_SEARCH_PATHS = (
					"$(inherited)",
					"@executable_path/Frameworks",
					"@loader_path/Frameworks",
				);
				PRODUCT_BUNDLE_IDENTIFIER = "h.t.Font-Install-DemoUITests";
				PRODUCT_NAME = "$(TARGET_NAME)";
				SWIFT_VERSION = 5.0;
				TARGETED_DEVICE_FAMILY = "1,2";
				TEST_TARGET_NAME = Font_Install_Demo;
			};
			name = Debug;
		};
		EBA25DBB23AFEB19009EEBF4 /* Release */ = {
			isa = XCBuildConfiguration;
			buildSettings = {
				ALWAYS_EMBED_SWIFT_STANDARD_LIBRARIES = YES;
				CODE_SIGN_STYLE = Automatic;
				DEVELOPMENT_TEAM = R82WJ5W3TV;
				INFOPLIST_FILE = Font_Install_DemoUITests/Info.plist;
				LD_RUNPATH_SEARCH_PATHS = (
					"$(inherited)",
					"@executable_path/Frameworks",
					"@loader_path/Frameworks",
				);
				PRODUCT_BUNDLE_IDENTIFIER = "h.t.Font-Install-DemoUITests";
				PRODUCT_NAME = "$(TARGET_NAME)";
				SWIFT_VERSION = 5.0;
				TARGETED_DEVICE_FAMILY = "1,2";
				TEST_TARGET_NAME = Font_Install_Demo;
			};
			name = Release;
		};
/* End XCBuildConfiguration section */

/* Begin XCConfigurationList section */
		EBA25D8423AFEB18009EEBF4 /* Build configuration list for PBXProject "Font_Install_Demo" */ = {
			isa = XCConfigurationList;
			buildConfigurations = (
				EBA25DB123AFEB19009EEBF4 /* Debug */,
				EBA25DB223AFEB19009EEBF4 /* Release */,
			);
			defaultConfigurationIsVisible = 0;
			defaultConfigurationName = Release;
		};
		EBA25DB323AFEB19009EEBF4 /* Build configuration list for PBXNativeTarget "Font_Install_Demo" */ = {
			isa = XCConfigurationList;
			buildConfigurations = (
				EBA25DB423AFEB19009EEBF4 /* Debug */,
				EBA25DB523AFEB19009EEBF4 /* Release */,
			);
			defaultConfigurationIsVisible = 0;
			defaultConfigurationName = Release;
		};
		EBA25DB623AFEB19009EEBF4 /* Build configuration list for PBXNativeTarget "Font_Install_DemoTests" */ = {
			isa = XCConfigurationList;
			buildConfigurations = (
				EBA25DB723AFEB19009EEBF4 /* Debug */,
				EBA25DB823AFEB19009EEBF4 /* Release */,
			);
			defaultConfigurationIsVisible = 0;
			defaultConfigurationName = Release;
		};
		EBA25DB923AFEB19009EEBF4 /* Build configuration list for PBXNativeTarget "Font_Install_DemoUITests" */ = {
			isa = XCConfigurationList;
			buildConfigurations = (
				EBA25DBA23AFEB19009EEBF4 /* Debug */,
				EBA25DBB23AFEB19009EEBF4 /* Release */,
			);
			defaultConfigurationIsVisible = 0;
			defaultConfigurationName = Release;
		};
/* End XCConfigurationList section */
	};
	rootObject = EBA25D8123AFEB18009EEBF4 /* Project object */;
}
